{
  "requires": true,
  "lockfileVersion": 1,
  "dependencies": {
    "angularx-social-login": {
      "version": "2.2.1",
      "resolved": "https://registry.npmjs.org/angularx-social-login/-/angularx-social-login-2.2.1.tgz",
      "integrity": "sha512-uYHuSIVK+rr3ZVAJHA6Y4OufJrFjmaMn9Gkrs+KPVEue48qepHwxztfr55oVFNasjfFly05R08xBb1sGlA+fqA==",
      "requires": {
        "typescript": "^3.5.3"
      }
    },
    "detect-passive-events": {
      "version": "1.0.4",
      "resolved": "https://registry.npmjs.org/detect-passive-events/-/detect-passive-events-1.0.4.tgz",
      "integrity": "sha1-btR35uW863kHlzXc01d4nTf5qRo="
    },
    "ng5-slider": {
      "version": "1.2.4",
      "resolved": "https://registry.npmjs.org/ng5-slider/-/ng5-slider-1.2.4.tgz",
      "integrity": "sha512-4EwMNaOwy0p0mjUjRHem6vq4ZIqFMkej66Vmky1PSMb3e9r10tF2m29kS94EDB9y4inYoEf3tVrZ3YXfd7R5ag==",
      "requires": {
        "detect-passive-events": "^1.0.4",
        "rxjs": "^5.5.6",
        "rxjs-compat": "^6.5.2",
        "tslib": "^1.7.1"
      }
    },
    "rxjs": {
      "version": "5.5.12",
      "resolved": "https://registry.npmjs.org/rxjs/-/rxjs-5.5.12.tgz",
      "integrity": "sha512-xx2itnL5sBbqeeiVgNPVuQQ1nC8Jp2WfNJhXWHmElW9YmrpS9UVnNzhP3EH3HFqexO5Tlp8GhYY+WEcqcVMvGw==",
      "requires": {
        "symbol-observable": "1.0.1"
      }
    },
    "rxjs-compat": {
      "version": "6.5.5",
      "resolved": "https://registry.npmjs.org/rxjs-compat/-/rxjs-compat-6.5.5.tgz",
      "integrity": "sha512-F42sssVbUyWH4vJswEo6m+Eh02xHv3q93n8S7nUJO58R7sbc3CvJIOts605zdaBhWa1xMB9aVSyqPqhQ5q3eXg=="
    },
    "symbol-observable": {
      "version": "1.0.1",
      "resolved": "https://registry.npmjs.org/symbol-observable/-/symbol-observable-1.0.1.tgz",
      "integrity": "sha1-g0D8RwLDEi310iKI+IKD9RPT/dQ="
    },
    "tslib": {
      "version": "1.11.1",
      "resolved": "https://registry.npmjs.org/tslib/-/tslib-1.11.1.tgz",
      "integrity": "sha512-aZW88SY8kQbU7gpV19lN24LtXh/yD4ZZg6qieAJDDg+YBsJcSmLGK9QpnUjAKVG/xefmvJGd1WUmfpT/g6AJGA=="
    },
    "typescript": {
      "version": "3.8.3",
      "resolved": "https://registry.npmjs.org/typescript/-/typescript-3.8.3.tgz",
      "integrity": "sha512-MYlEfn5VrLNsgudQTVJeNaQFUAI7DkhnOjdpAp4T+ku1TfQClewlbSuTVHiA+8skNBgaf02TL/kLOvig4y3G8w=="
    }
  }
}
